Microsoft Visual Studio Solution File, Format Version 12.00
# Visual Studio Version 17
VisualStudioVersion = 17.5.2.0
MinimumVisualStudioVersion = 10.0.40219.1
Project("{FAE04EC0-301F-11D3-BF4B-00C04F79EFBC}") = "SoccerInfoApp", "SoccerInfoApp\SoccerInfoApp.csproj", "{AC2EC9B1-9400-D52B-8A7F-B3B3D4CE7D07}"
EndProject
Global
	GlobalSection(SolutionConfigurationPlatforms) = preSolution
		Debug|Any CPU = Debug|Any CPU
		Release|Any CPU = Release|Any CPU
	EndGlobalSection
	GlobalSection(ProjectConfigurationPlatforms) = postSolution
		{AC2EC9B1-9400-D52B-8A7F-B3B3D4CE7D07}.Debug|Any CPU.ActiveCfg = Debug|Any CPU
		{AC2EC9B1-9400-D52B-8A7F-B3B3D4CE7D07}.Debug|Any CPU.Build.0 = Debug|Any CPU
		{AC2EC9B1-9400-D52B-8A7F-B3B3D4CE7D07}.Release|Any CPU.ActiveCfg = Release|Any CPU
		{AC2EC9B1-9400-D52B-8A7F-B3B3D4CE7D07}.Release|Any CPU.Build.0 = Release|Any CPU
	EndGlobalSection
	GlobalSection(SolutionProperties) = preSolution
		HideSolutionNode = FALSE
	EndGlobalSection
	GlobalSection(ExtensibilityGlobals) = postSolution
		SolutionGuid = {D6BE4E91-EFF8-45BD-B30E-BCAFE0000BC9}
	EndGlobalSection
EndGlobal
